# This file is automatically @generated by Cargo.
# It is not intended for manual editing.
version = 4

[[package]]
name = "exitcode"
version = "1.1.2"
source = "registry+https://github.com/rust-lang/crates.io-index"
checksum = "de853764b47027c2e862a995c34978ffa63c1501f2e15f987ba11bd4f9bba193"

[[package]]
name = "log"
version = "0.4.25"
source = "registry+https://github.com/rust-lang/crates.io-index"
checksum = "04cbf5b083de1c7e0222a7a51dbfdba1cbe1c6ab0b15e29fff3f6c077fd9cd9f"

[[package]]
name = "minreq"
version = "2.13.0"
source = "registry+https://github.com/rust-lang/crates.io-index"
checksum = "36a8e50e917e18a37d500d27d40b7bc7d127e71c0c94fb2d83f43b4afd308390"
dependencies = [
 "log",
]

[[package]]
name = "sdavids-docker-healthcheck-rust-http"
version = "1.0.0"
dependencies = [
 "exitcode",
 "minreq",
]
