# This file is automatically @generated by Cargo.
# It is not intended for manual editing.
version = 4

[[package]]
name = "exitcode"
version = "1.1.2"
source = "registry+https://github.com/rust-lang/crates.io-index"
checksum = "de853764b47027c2e862a995c34978ffa63c1501f2e15f987ba11bd4f9bba193"

[[package]]
name = "log"
version = "0.4.26"
source = "registry+https://github.com/rust-lang/crates.io-index"
checksum = "30bde2b3dc3671ae49d8e2e9f044c7c005836e7a023ee57cffa25ab82764bb9e"

[[package]]
name = "minreq"
version = "2.13.3"
source = "registry+https://github.com/rust-lang/crates.io-index"
checksum = "567496f13503d6cae8c9f961f34536850275f396307d7a6b981eef1464032f53"
dependencies = [
 "log",
]

[[package]]
name = "sdavids-docker-healthcheck-rust-http"
version = "1.0.0"
dependencies = [
 "exitcode",
 "minreq",
]
