# This file is automatically @generated by Cargo.
# It is not intended for manual editing.
version = 4

[[package]]
name = "exitcode"
version = "1.1.2"
source = "registry+https://github.com/rust-lang/crates.io-index"
checksum = "de853764b47027c2e862a995c34978ffa63c1501f2e15f987ba11bd4f9bba193"

[[package]]
name = "log"
version = "0.4.22"
source = "registry+https://github.com/rust-lang/crates.io-index"
checksum = "a7a70ba024b9dc04c27ea2f0c0548feb474ec5c54bba33a7f72f873a39d07b24"

[[package]]
name = "minreq"
version = "2.13.0"
source = "registry+https://github.com/rust-lang/crates.io-index"
checksum = "36a8e50e917e18a37d500d27d40b7bc7d127e71c0c94fb2d83f43b4afd308390"
dependencies = [
 "log",
]

[[package]]
name = "sdavids-docker-healthcheck-rust-http"
version = "1.0.0"
dependencies = [
 "exitcode",
 "minreq",
]
